<?xml version="1.0" encoding="utf-8"?>
<Project ToolsVersion="4.0" xmlns="http://schemas.microsoft.com/developer/msbuild/2003">
  <ItemGroup>
    <Filter Include="Source Files">
      <UniqueIdentifier>{4FC737F1-C7A5-4376-A066-2A32D752A2FF}</UniqueIdentifier>
      <Extensions>cpp;c;cc;cxx;c++;cppm;ixx;def;odl;idl;hpj;bat;asm;asmx</Extensions>
    </Filter>
    <Filter Include="Header Files">
      <UniqueIdentifier>{93995380-89BD-4b04-88EB-625FBE52EBFB}</UniqueIdentifier>
      <Extensions>h;hh;hpp;hxx;h++;hm;inl;inc;ipp;xsd</Extensions>
    </Filter>
    <Filter Include="Resource Files">
      <UniqueIdentifier>{67DA6AB6-F800-4c08-8B7A-83BB121AAD01}</UniqueIdentifier>
      <Extensions>rc;ico;cur;bmp;dlg;rc2;rct;bin;rgs;gif;jpg;jpeg;jpe;resx;tiff;tif;png;wav;mfcribbon-ms</Extensions>
    </Filter>
    <Filter Include="Events">
      <UniqueIdentifier>{8EF3B3D1-2F4C-4A5E-9B7E-1C8F6D9A2E3B}</UniqueIdentifier>
    </Filter>
    <Filter Include="ImGui">
      <UniqueIdentifier>{9FA4C4E2-3G5D-5B6F-AC8F-2D9G7E0B3F4C}</UniqueIdentifier>
    </Filter>
    <Filter Include="Scripting">
      <UniqueIdentifier>{A0B5D5F3-4H6E-6C7G-BD9G-3E0H8F1C4G5D}</UniqueIdentifier>
    </Filter>
  </ItemGroup>
  <ItemGroup>
    <ClCompile Include="src\Hazel\Application.cpp">
      <Filter>Source Files</Filter>
    </ClCompile>
    <ClCompile Include="src\Hazel\Log.cpp">
      <Filter>Source Files</Filter>
    </ClCompile>
    <ClCompile Include="src\Hazel\Layer.cpp">
      <Filter>Source Files</Filter>
    </ClCompile>
    <ClCompile Include="src\Hazel\LayerStack.cpp">
      <Filter>Source Files</Filter>
    </ClCompile>
    <ClCompile Include="src\Hazel\ImGui\ImGuiLayer.cpp">
      <Filter>ImGui</Filter>
    </ClCompile>
    <ClCompile Include="src\Hazel\Scripting\ScriptEngine.cpp">
      <Filter>Scripting</Filter>
    </ClCompile>
    <ClCompile Include="src\Hazel\Scripting\ScriptComponent.cpp">
      <Filter>Scripting</Filter>
    </ClCompile>
  </ItemGroup>
  <ItemGroup>
    <ClInclude Include="src\Hazel\Application.h">
      <Filter>Header Files</Filter>
    </ClInclude>
    <ClInclude Include="src\Hazel\Core.h">
      <Filter>Header Files</Filter>
    </ClInclude>
    <ClInclude Include="src\Hazel.h">
      <Filter>Header Files</Filter>
    </ClInclude>
    <ClInclude Include="src\Hazel\EntryPoint.h">
      <Filter>Header Files</Filter>
    </ClInclude>
    <ClInclude Include="src\Hazel\Log.h">
      <Filter>Header Files</Filter>
    </ClInclude>
    <ClInclude Include="src\Hazel\Layer.h">
      <Filter>Header Files</Filter>
    </ClInclude>
    <ClInclude Include="src\Hazel\LayerStack.h">
      <Filter>Header Files</Filter>
    </ClInclude>
    <ClInclude Include="src\Hazel\Events\Event.h">
      <Filter>Events</Filter>
    </ClInclude>
    <ClInclude Include="src\Hazel\ImGui\ImGuiLayer.h">
      <Filter>ImGui</Filter>
    </ClInclude>
    <ClInclude Include="src\Hazel\Scripting\ScriptEngine.h">
      <Filter>Scripting</Filter>
    </ClInclude>
    <ClInclude Include="src\Hazel\Scripting\ScriptComponent.h">
      <Filter>Scripting</Filter>
    </ClInclude>
  </ItemGroup>
</Project>